
Microsoft Visual Studio Solution File, Format Version 12.00
# Visual Studio Version 17
VisualStudioVersion = 17.14.36616.10
MinimumVisualStudioVersion = 10.0.40219.1
Project("{FAE04EC0-301F-11D3-BF4B-00C04F79EFBC}") = "8077_Grupo3_Moanso_Actividad", "8077_Grupo3_Moanso_Actividad\8077_Grupo3_Moanso_Actividad.csproj", "{E932BC26-3EE9-42F5-ABBE-62E5731187BB}"
EndProject
Project("{FAE04EC0-301F-11D3-BF4B-00C04F79EFBC}") = "CapaLogica", "CapaLogica\CapaLogica.csproj", "{E2F0B610-998A-449B-8B9D-99C15D9601EB}"
EndProject
Project("{FAE04EC0-301F-11D3-BF4B-00C04F79EFBC}") = "CapaDatos", "CapaDatos\CapaDatos.csproj", "{F620D988-3F39-42A8-B310-05D5360104AD}"
EndProject
Global
	GlobalSection(SolutionConfigurationPlatforms) = preSolution
		Debug|Any CPU = Debug|Any CPU
		Release|Any CPU = Release|Any CPU
	EndGlobalSection
	GlobalSection(ProjectConfigurationPlatforms) = postSolution
		{E932BC26-3EE9-42F5-ABBE-62E5731187BB}.Debug|Any CPU.ActiveCfg = Debug|Any CPU
		{E932BC26-3EE9-42F5-ABBE-62E5731187BB}.Debug|Any CPU.Build.0 = Debug|Any CPU
		{E932BC26-3EE9-42F5-ABBE-62E5731187BB}.Release|Any CPU.ActiveCfg = Release|Any CPU
		{E932BC26-3EE9-42F5-ABBE-62E5731187BB}.Release|Any CPU.Build.0 = Release|Any CPU
		{E2F0B610-998A-449B-8B9D-99C15D9601EB}.Debug|Any CPU.ActiveCfg = Debug|Any CPU
		{E2F0B610-998A-449B-8B9D-99C15D9601EB}.Debug|Any CPU.Build.0 = Debug|Any CPU
		{E2F0B610-998A-449B-8B9D-99C15D9601EB}.Release|Any CPU.ActiveCfg = Release|Any CPU
		{E2F0B610-998A-449B-8B9D-99C15D9601EB}.Release|Any CPU.Build.0 = Release|Any CPU
		{F620D988-3F39-42A8-B310-05D5360104AD}.Debug|Any CPU.ActiveCfg = Debug|Any CPU
		{F620D988-3F39-42A8-B310-05D5360104AD}.Debug|Any CPU.Build.0 = Debug|Any CPU
		{F620D988-3F39-42A8-B310-05D5360104AD}.Release|Any CPU.ActiveCfg = Release|Any CPU
		{F620D988-3F39-42A8-B310-05D5360104AD}.Release|Any CPU.Build.0 = Release|Any CPU
	EndGlobalSection
	GlobalSection(SolutionProperties) = preSolution
		HideSolutionNode = FALSE
	EndGlobalSection
	GlobalSection(ExtensibilityGlobals) = postSolution
		SolutionGuid = {7CEB7585-3995-4A9F-83C1-1DA4DC1C93C9}
	EndGlobalSection
EndGlobal
